{
  "name": "json-string-merge",
  "version": "1.0.0",
  "lockfileVersion": 1,
  "requires": true,
  "dependencies": {
    "merge-deeply": {
      "version": "1.0.1",
      "resolved": "https://registry.npmjs.org/merge-deeply/-/merge-deeply-1.0.1.tgz",
      "integrity": "sha512-nZzjqIHs0jtYSIeUGF3gevnTMDa0hdXKu+j8v4/GKukGdO1X0KmBHIhGxYW+XTBFnhjih9A8RTP1deGjM0iTtQ=="
    }
  }
}
